<?xml version="1.0" encoding="utf-8"?>
<Project ToolsVersion="4.0" xmlns="http://schemas.microsoft.com/developer/msbuild/2003">
  <ItemGroup>
    <Filter Include="source">
      <UniqueIdentifier>{4FC737F1-C7A5-4376-A066-2A32D752A2FF}</UniqueIdentifier>
      <Extensions>cpp;c;cc;cxx;c++;cppm;ixx;def;odl;idl;hpj;bat;asm;asmx</Extensions>
    </Filter>
    <Filter Include="bin">
      <UniqueIdentifier>{845a23ed-9d8b-4c65-a519-f774c85e98e6}</UniqueIdentifier>
    </Filter>
  </ItemGroup>
  <ItemGroup>
    <ClInclude Include="framework.h">
      <Filter>source</Filter>
    </ClInclude>
    <ClInclude Include="pch.h">
      <Filter>source</Filter>
    </ClInclude>
    <ClInclude Include="core.hpp">
      <Filter>source</Filter>
    </ClInclude>
    <ClInclude Include="path.hpp">
      <Filter>source</Filter>
    </ClInclude>
  </ItemGroup>
  <ItemGroup>
    <ClCompile Include="dllmain.cpp">
      <Filter>source</Filter>
    </ClCompile>
    <ClCompile Include="pch.cpp">
      <Filter>source</Filter>
    </ClCompile>
    <ClCompile Include="path.cpp">
      <Filter>source</Filter>
    </ClCompile>
  </ItemGroup>
  <ItemGroup>
    <None Include="..\bin\filesystem.dll">
      <Filter>bin</Filter>
    </None>
    <None Include="..\bin\filesystem.exp">
      <Filter>bin</Filter>
    </None>
    <None Include="..\bin\filesystem.pdb">
      <Filter>bin</Filter>
    </None>
  </ItemGroup>
  <ItemGroup>
    <Library Include="..\bin\filesystem.lib">
      <Filter>bin</Filter>
    </Library>
  </ItemGroup>
</Project>